
Microsoft Visual Studio Solution File, Format Version 12.00
# Visual Studio 15
VisualStudioVersion = 15.0.28010.2019
MinimumVisualStudioVersion = 10.0.40219.1
Project("{FAE04EC0-301F-11D3-BF4B-00C04F79EFBC}") = "p1_5", "p1_5\p1_5.csproj", "{3BED9DB6-EB0D-492B-82A7-DC1AE46465C5}"
EndProject
Global
	GlobalSection(SolutionConfigurationPlatforms) = preSolution
		Debug|Any CPU = Debug|Any CPU
		Release|Any CPU = Release|Any CPU
	EndGlobalSection
	GlobalSection(ProjectConfigurationPlatforms) = postSolution
		{3BED9DB6-EB0D-492B-82A7-DC1AE46465C5}.Debug|Any CPU.ActiveCfg = Debug|Any CPU
		{3BED9DB6-EB0D-492B-82A7-DC1AE46465C5}.Debug|Any CPU.Build.0 = Debug|Any CPU
		{3BED9DB6-EB0D-492B-82A7-DC1AE46465C5}.Release|Any CPU.ActiveCfg = Release|Any CPU
		{3BED9DB6-EB0D-492B-82A7-DC1AE46465C5}.Release|Any CPU.Build.0 = Release|Any CPU
	EndGlobalSection
	GlobalSection(SolutionProperties) = preSolution
		HideSolutionNode = FALSE
	EndGlobalSection
	GlobalSection(ExtensibilityGlobals) = postSolution
		SolutionGuid = {CEC0EC44-5AAC-496B-9670-94DE8C4E8B0C}
	EndGlobalSection
EndGlobal
